
Microsoft Visual Studio Solution File, Format Version 12.00
# Visual Studio 15
Project("{FAE04EC0-301F-11D3-BF4B-00C04F79EFBC}") = "Assembly-CSharp", "Assembly-CSharp.csproj", "{E296802A-89D8-F752-0A97-10AE79FEA8CA}"
EndProject
Project("{FAE04EC0-301F-11D3-BF4B-00C04F79EFBC}") = "Assembly-CSharp-Editor", "Assembly-CSharp-Editor.csproj", "{11F63A96-9F80-4AA7-19AA-B2B569CCDC11}"
EndProject
Global
	GlobalSection(SolutionConfigurationPlatforms) = preSolution
		Debug|Any CPU = Debug|Any CPU
		Release|Any CPU = Release|Any CPU
	EndGlobalSection
	GlobalSection(ProjectConfigurationPlatforms) = postSolution
		{E296802A-89D8-F752-0A97-10AE79FEA8CA}.Debug|Any CPU.ActiveCfg = Debug|Any CPU
		{E296802A-89D8-F752-0A97-10AE79FEA8CA}.Debug|Any CPU.Build.0 = Debug|Any CPU
		{E296802A-89D8-F752-0A97-10AE79FEA8CA}.Release|Any CPU.ActiveCfg = Release|Any CPU
		{E296802A-89D8-F752-0A97-10AE79FEA8CA}.Release|Any CPU.Build.0 = Release|Any CPU
		{11F63A96-9F80-4AA7-19AA-B2B569CCDC11}.Debug|Any CPU.ActiveCfg = Debug|Any CPU
		{11F63A96-9F80-4AA7-19AA-B2B569CCDC11}.Debug|Any CPU.Build.0 = Debug|Any CPU
		{11F63A96-9F80-4AA7-19AA-B2B569CCDC11}.Release|Any CPU.ActiveCfg = Release|Any CPU
		{11F63A96-9F80-4AA7-19AA-B2B569CCDC11}.Release|Any CPU.Build.0 = Release|Any CPU
	EndGlobalSection
	GlobalSection(SolutionProperties) = preSolution
		HideSolutionNode = FALSE
	EndGlobalSection
EndGlobal
